{
  "version": 4,
  "terraform_version": "1.6.5",
  "serial": 4,
  "lineage": "cae06ee1-15f1-f5af-9869-b2e11beba20e",
  "outputs": {},
  "resources": [
    {
      "mode": "managed",
      "type": "google_container_cluster",
      "name": "demo",
      "provider": "provider[\"registry.terraform.io/hashicorp/google\"]",
      "instances": [
        {
          "schema_version": 1,
          "attributes": {
            "addons_config": [
              {
                "cloudrun_config": [],
                "config_connector_config": [],
                "dns_cache_config": [],
                "gce_persistent_disk_csi_driver_config": [
                  {
                    "enabled": true
                  }
                ],
                "gcp_filestore_csi_driver_config": [],
                "gke_backup_agent_config": [],
                "horizontal_pod_autoscaling": [],
                "http_load_balancing": [],
                "network_policy_config": [
                  {
                    "disabled": true
                  }
                ]
              }
            ],
            "authenticator_groups_config": [],
            "binary_authorization": [
              {
                "enabled": false,
                "evaluation_mode": ""
              }
            ],
            "cluster_autoscaling": [
              {
                "auto_provisioning_defaults": [],
                "enabled": false,
                "resource_limits": []
              }
            ],
            "cluster_ipv4_cidr": "10.0.0.0/14",
            "confidential_nodes": [],
            "cost_management_config": [],
            "database_encryption": [
              {
                "key_name": "",
                "state": "DECRYPTED"
              }
            ],
            "datapath_provider": "",
            "default_max_pods_per_node": null,
            "default_snat_status": [
              {
                "disabled": false
              }
            ],
            "description": "",
            "dns_config": [],
            "enable_autopilot": false,
            "enable_binary_authorization": false,
            "enable_intranode_visibility": false,
            "enable_kubernetes_alpha": false,
            "enable_l4_ilb_subsetting": false,
            "enable_legacy_abac": false,
            "enable_shielded_nodes": true,
            "enable_tpu": false,
            "endpoint": "34.172.244.90",
            "gateway_api_config": [],
            "id": "projects/translatebot-405321/locations/us-central1-c/clusters/demo-cluster",
            "initial_node_count": 1,
            "ip_allocation_policy": [],
            "label_fingerprint": "a9dc16a7",
            "location": "us-central1-c",
            "logging_config": [
              {
                "enable_components": [
                  "SYSTEM_COMPONENTS",
                  "WORKLOADS"
                ]
              }
            ],
            "logging_service": "logging.googleapis.com/kubernetes",
            "maintenance_policy": [],
            "master_auth": [
              {
                "client_certificate": "",
                "client_certificate_config": [
                  {
                    "issue_client_certificate": false
                  }
                ],
                "client_key": "",
                "cluster_ca_certificate": "LS0tLS1CRUdJTiBDRVJUSUZJQ0FURS0tLS0tCk1JSUVMRENDQXBTZ0F3SUJBZ0lRVE1ma1dVdFBxZld4djRWNlhPbmd2REFOQmdrcWhraUc5dzBCQVFzRkFEQXYKTVMwd0t3WURWUVFERXlRNVl6SXdPVFZsT0MwNU16WXlMVFEzWldVdE9HVTJOQzAxWkRJd1lqWTRZVFpoWlRRdwpJQmNOTWpNeE1qRTBNVFkxTURBNFdoZ1BNakExTXpFeU1EWXhOelV3TURoYU1DOHhMVEFyQmdOVkJBTVRKRGxqCk1qQTVOV1U0TFRrek5qSXRORGRsWlMwNFpUWTBMVFZrTWpCaU5qaGhObUZsTkRDQ0FhSXdEUVlKS29aSWh2Y04KQVFFQkJRQURnZ0dQQURDQ0FZb0NnZ0dCQU0wY2ljdUxkT1NRMHQycDJEZjZZT3BGWXdiZDI3Mno4eDBjc243UAprNFMrMVQ4Z2tLU1AvdXE3TEJvY0Z5Y0ZnSjV6MnZ5c2thMmZOTlorVW5LaTNia0gxUW9Gek5uaERyV0tLd2VKCmVSOVoyS2QrOWRlUFJkMnpUdkNuUTNVVU1tVkdtb25UaDZGMDZyN05MNDRpT1NqQ2Vkb3ZLdUs1K2lkS2xKN2IKWURHR0Q4Y0dEcnQ5ODk3OGRPTDRQSG9aOW81TnA4MlY1ZkxzZ3l5YitsOTRqTHVvZWxTVHB3UEI2YzBSM3BDSAp4SGNmeGZCajZZOFFBRFcydndwMEo0QTY2Vk1OYkMvZ3dFZUdsdFBwVEtOVDRXR2Juejk4bElaazdQcUJNWFBTCmRPWmQ5YmlVRjNKRDVBcERIT0VXNmtBeXFNT3NSbVlHVmY4SGRhTjI5RWdudkp2YlBPSnFBMzZGT2pxREJMSnIKM1FWRVhJV3UwcW44SFk3YTFOTEoxeDIvT3FNRG5LaVFUZGh6NmhOU2E1SGRNK0Q5ZjhYYjJSd21Kdnh4dHJpZwpoUU1CeHVSWVFObnU0RVVROFFtRTdTd2lYZCszY3FKK3Fac1dhSG5xVDRCeHFxcHd1QTZJMkUyTDl6aDQxMTIrCndwOW9ZQ3NGbHJpMnNoUU5PWU9CN21BeXF3SURBUUFCbzBJd1FEQU9CZ05WSFE4QkFmOEVCQU1DQWdRd0R3WUQKVlIwVEFRSC9CQVV3QXdFQi96QWRCZ05WSFE0RUZnUVVhdU1rQWhTSnJPQUN6SUhTaGEyT2h0V09HRnd3RFFZSgpLb1pJaHZjTkFRRUxCUUFEZ2dHQkFGdHRTWGIyS25rL0RZR1NuNzZCVDd5N0k3MDFFVjdLZ0M1c0paR0xIaVJlCm95VWFOSGQ4NVgyUGtyZHFnc0dUemdVNEx0S0Y0ZlZiQXB2VFF1TWdXSEhkNnNMV2dGTDRMMzhNUExpbVY1eVgKamJxVCtrUkRSLzVySXF0MHhidlpiVmNKTDFCRkk1UHVNQVBIbVJlMklIcVBjc2cxUWd2SFFRKzNNQmp5QWp5eAo2S3UzVGVRUWhoMXp0L0l0QjNaSUg4cGVRcXNWSUFYWFNiV1M3UEpLNFk2TWZMTEVYZ2h0YktDUGtMWnQ2ZEtJCmFVQlpBa05iamgvN2gxSzJwQUJMRUlGSGw3OWJpekFMbUJZbnY5OTRkSDVXaTc3anNxR2xUK2lER1lyd2FUeXQKT1haeWFrVlh5OFVFNzgvSXR5bG4xVTM0cy9wTlNULzJsRmdLZjl2cGg2TVlxdklKRE53d1lNWXBwMmtuK09HSQpXSjhKVTlmZ0k0ekpmZ1h6YXhPMiticHR6eHo1RGUrc2haRmt5cG1yNXI2Ky80UFRleXdWZklUL0lzeTRhSjVUCkZteDg0dGtxQXlRZDkyQitIekJtdmFVTE8yUU9aTnRvVmE4aFl1MXd5dHhhSUVtL3VHWFlwUnphVmsrVmo4QTgKdjFTbDlwVXFiTjQyOWJiOGdQSnZMdz09Ci0tLS0tRU5EIENFUlRJRklDQVRFLS0tLS0K"
              }
            ],
            "master_authorized_networks_config": [],
            "master_version": "1.27.3-gke.100",
            "mesh_certificates": [],
            "min_master_version": null,
            "monitoring_config": [
              {
                "enable_components": [
                  "SYSTEM_COMPONENTS"
                ],
                "managed_prometheus": [
                  {
                    "enabled": true
                  }
                ]
              }
            ],
            "monitoring_service": "monitoring.googleapis.com/kubernetes",
            "name": "demo-cluster",
            "network": "projects/translatebot-405321/global/networks/default",
            "network_policy": [
              {
                "enabled": false,
                "provider": "PROVIDER_UNSPECIFIED"
              }
            ],
            "networking_mode": "ROUTES",
            "node_config": [],
            "node_locations": [],
            "node_pool": [],
            "node_pool_defaults": [
              {
                "node_config_defaults": [
                  {
                    "logging_variant": "DEFAULT"
                  }
                ]
              }
            ],
            "node_version": "1.27.3-gke.100",
            "notification_config": [
              {
                "pubsub": [
                  {
                    "enabled": false,
                    "filter": [],
                    "topic": ""
                  }
                ]
              }
            ],
            "operation": null,
            "private_cluster_config": [
              {
                "enable_private_endpoint": false,
                "enable_private_nodes": false,
                "master_global_access_config": [
                  {
                    "enabled": false
                  }
                ],
                "master_ipv4_cidr_block": "",
                "peering_name": "",
                "private_endpoint": "10.128.0.12",
                "private_endpoint_subnetwork": "",
                "public_endpoint": "34.172.244.90"
              }
            ],
            "private_ipv6_google_access": "",
            "project": "translatebot-405321",
            "release_channel": [
              {
                "channel": "REGULAR"
              }
            ],
            "remove_default_node_pool": true,
            "resource_labels": null,
            "resource_usage_export_config": [],
            "self_link": "https://container.googleapis.com/v1/projects/translatebot-405321/zones/us-central1-c/clusters/demo-cluster",
            "service_external_ips_config": [
              {
                "enabled": false
              }
            ],
            "services_ipv4_cidr": "10.3.240.0/20",
            "subnetwork": "projects/translatebot-405321/regions/us-central1/subnetworks/default",
            "timeouts": null,
            "tpu_ipv4_cidr_block": "",
            "vertical_pod_autoscaling": [],
            "workload_identity_config": [
              {
                "workload_pool": "translatebot-405321.svc.id.goog"
              }
            ]
          },
          "sensitive_attributes": [],
          "private": "eyJlMmJmYjczMC1lY2FhLTExZTYtOGY4OC0zNDM2M2JjN2M0YzAiOnsiY3JlYXRlIjoyNDAwMDAwMDAwMDAwLCJkZWxldGUiOjI0MDAwMDAwMDAwMDAsInJlYWQiOjI0MDAwMDAwMDAwMDAsInVwZGF0ZSI6MzYwMDAwMDAwMDAwMH0sInNjaGVtYV92ZXJzaW9uIjoiMSJ9"
        }
      ]
    },
    {
      "mode": "managed",
      "type": "google_container_node_pool",
      "name": "demo",
      "provider": "provider[\"registry.terraform.io/hashicorp/google\"]",
      "instances": [
        {
          "schema_version": 1,
          "attributes": {
            "autoscaling": [],
            "cluster": "demo-cluster",
            "id": "projects/translatebot-405321/locations/us-central1-c/clusters/demo-cluster/nodePools/main",
            "initial_node_count": 2,
            "instance_group_urls": [
              "https://www.googleapis.com/compute/v1/projects/translatebot-405321/zones/us-central1-c/instanceGroupManagers/gke-demo-cluster-main-4ec75f4a-grp"
            ],
            "location": "us-central1-c",
            "managed_instance_group_urls": [
              "https://www.googleapis.com/compute/v1/projects/translatebot-405321/zones/us-central1-c/instanceGroups/gke-demo-cluster-main-4ec75f4a-grp"
            ],
            "management": [
              {
                "auto_repair": true,
                "auto_upgrade": true
              }
            ],
            "max_pods_per_node": null,
            "name": "main",
            "name_prefix": "",
            "network_config": [
              {
                "create_pod_range": false,
                "enable_private_nodes": false,
                "pod_ipv4_cidr_block": "",
                "pod_range": ""
              }
            ],
            "node_config": [
              {
                "boot_disk_kms_key": "",
                "disk_size_gb": 100,
                "disk_type": "pd-balanced",
                "gcfs_config": [],
                "guest_accelerator": [],
                "gvnic": [],
                "image_type": "COS_CONTAINERD",
                "kubelet_config": [],
                "labels": {},
                "linux_node_config": [],
                "local_ssd_count": 0,
                "logging_variant": "DEFAULT",
                "machine_type": "g1-small",
                "metadata": {
                  "disable-legacy-endpoints": "true"
                },
                "min_cpu_platform": "",
                "node_group": "",
                "oauth_scopes": [
                  "https://www.googleapis.com/auth/devstorage.read_only",
                  "https://www.googleapis.com/auth/logging.write",
                  "https://www.googleapis.com/auth/monitoring",
                  "https://www.googleapis.com/auth/service.management.readonly",
                  "https://www.googleapis.com/auth/servicecontrol",
                  "https://www.googleapis.com/auth/trace.append"
                ],
                "preemptible": false,
                "reservation_affinity": [],
                "resource_labels": null,
                "service_account": "default",
                "shielded_instance_config": [
                  {
                    "enable_integrity_monitoring": true,
                    "enable_secure_boot": false
                  }
                ],
                "spot": false,
                "tags": null,
                "taint": [],
                "workload_metadata_config": [
                  {
                    "mode": "GKE_METADATA"
                  }
                ]
              }
            ],
            "node_count": 2,
            "node_locations": [
              "us-central1-c"
            ],
            "operation": null,
            "placement_policy": [],
            "project": "translatebot-405321",
            "timeouts": null,
            "upgrade_settings": [
              {
                "blue_green_settings": [],
                "max_surge": 1,
                "max_unavailable": 0,
                "strategy": "SURGE"
              }
            ],
            "version": "1.27.3-gke.100"
          },
          "sensitive_attributes": [],
          "private": "eyJlMmJmYjczMC1lY2FhLTExZTYtOGY4OC0zNDM2M2JjN2M0YzAiOnsiY3JlYXRlIjoxODAwMDAwMDAwMDAwLCJkZWxldGUiOjE4MDAwMDAwMDAwMDAsInVwZGF0ZSI6MTgwMDAwMDAwMDAwMH0sInNjaGVtYV92ZXJzaW9uIjoiMSJ9",
          "dependencies": [
            "google_container_cluster.demo"
          ]
        }
      ]
    }
  ],
  "check_results": null
}
